
Microsoft Visual Studio Solution File, Format Version 12.00
# Visual Studio 15
VisualStudioVersion = 15.0.27004.2005
MinimumVisualStudioVersion = 10.0.40219.1
Project("{FAE04EC0-301F-11D3-BF4B-00C04F79EFBC}") = "MyFirstAngular4withVS", "MyFirstAngular4withVS\MyFirstAngular4withVS.csproj", "{560432BC-970F-4E82-968D-33A7450D2925}"
EndProject
Global
	GlobalSection(SolutionConfigurationPlatforms) = preSolution
		Debug|Any CPU = Debug|Any CPU
		Release|Any CPU = Release|Any CPU
	EndGlobalSection
	GlobalSection(ProjectConfigurationPlatforms) = postSolution
		{560432BC-970F-4E82-968D-33A7450D2925}.Debug|Any CPU.ActiveCfg = Debug|Any CPU
		{560432BC-970F-4E82-968D-33A7450D2925}.Debug|Any CPU.Build.0 = Debug|Any CPU
		{560432BC-970F-4E82-968D-33A7450D2925}.Release|Any CPU.ActiveCfg = Release|Any CPU
		{560432BC-970F-4E82-968D-33A7450D2925}.Release|Any CPU.Build.0 = Release|Any CPU
	EndGlobalSection
	GlobalSection(SolutionProperties) = preSolution
		HideSolutionNode = FALSE
	EndGlobalSection
	GlobalSection(ExtensibilityGlobals) = postSolution
		SolutionGuid = {E74ED54A-8129-4F1C-A79F-788825220E0F}
	EndGlobalSection
EndGlobal
